
Microsoft Visual Studio Solution File, Format Version 12.00
# Visual Studio Version 16
VisualStudioVersion = 16.0.31515.178
MinimumVisualStudioVersion = 10.0.40219.1
Project("{9A19103F-16F7-4668-BE54-9A1E7A4F7556}") = "Task01.ConsoleApp", "Task01.ConsoleApp\Task01.ConsoleApp.csproj", "{A2AF337E-FC22-4FE3-ACA8-6334973DBBDB}"
EndProject
Project("{9A19103F-16F7-4668-BE54-9A1E7A4F7556}") = "Task01.Data", "Task01.Data\Task01.Data.csproj", "{E1B4685D-CB45-4269-A7B0-2839B1199B81}"
EndProject
Project("{9A19103F-16F7-4668-BE54-9A1E7A4F7556}") = "Task01.Api", "Task01.ApiConnection\Task01.Api.csproj", "{DFA5BDB8-A245-4E74-A031-C71183977EB3}"
EndProject
Project("{9A19103F-16F7-4668-BE54-9A1E7A4F7556}") = "Task01.Interfaces", "Task01.Interfaces\Task01.Interfaces.csproj", "{6211DFA1-F9DB-4002-92CB-FC9BB4448296}"
EndProject
Project("{9A19103F-16F7-4668-BE54-9A1E7A4F7556}") = "Task01.Model", "Task01.Model\Task01.Model.csproj", "{FD6A4AA7-7295-41DF-B97E-CD65534A9C17}"
EndProject
Project("{9A19103F-16F7-4668-BE54-9A1E7A4F7556}") = "Task01.Common", "Task01.Common\Task01.Common.csproj", "{D74679EB-B95A-4B60-AC0A-8EE8AF33FAA5}"
EndProject
Project("{9A19103F-16F7-4668-BE54-9A1E7A4F7556}") = "Task01.Data.Tests", "Task01.Tests\Task01.Data.Tests.csproj", "{17B666FF-EE85-43CF-914A-9A84EB34C461}"
EndProject
Project("{2150E333-8FDC-42A3-9474-1A3956D46DE8}") = "Test", "Test", "{A714C506-7296-4BF7-82B3-D5A8A9D11CC4}"
EndProject
Project("{9A19103F-16F7-4668-BE54-9A1E7A4F7556}") = "Task01.Service.Test", "Task01.Test\Task01.Service.Test.csproj", "{F3E7D4ED-57E8-4136-911A-B633B5C7C018}"
EndProject
Project("{9A19103F-16F7-4668-BE54-9A1E7A4F7556}") = "Task01.Service", "Task.Service\Task01.Service.csproj", "{05607550-AB11-4B8B-BD40-CED5B25F5D6F}"
EndProject
Project("{2150E333-8FDC-42A3-9474-1A3956D46DE8}") = "Application", "Application", "{3A27E0A3-AC6C-4F7E-8139-B5AAA485910A}"
EndProject
Project("{FAE04EC0-301F-11D3-BF4B-00C04F79EFBC}") = "Task01.WebApp", "Task01.WebApplication\Task01.WebApp.csproj", "{0978D31C-A180-434A-8722-3F9A7C0C77C9}"
EndProject
Global
	GlobalSection(SolutionConfigurationPlatforms) = preSolution
		Debug|Any CPU = Debug|Any CPU
		Release|Any CPU = Release|Any CPU
	EndGlobalSection
	GlobalSection(ProjectConfigurationPlatforms) = postSolution
		{A2AF337E-FC22-4FE3-ACA8-6334973DBBDB}.Debug|Any CPU.ActiveCfg = Debug|Any CPU
		{A2AF337E-FC22-4FE3-ACA8-6334973DBBDB}.Debug|Any CPU.Build.0 = Debug|Any CPU
		{A2AF337E-FC22-4FE3-ACA8-6334973DBBDB}.Release|Any CPU.ActiveCfg = Release|Any CPU
		{A2AF337E-FC22-4FE3-ACA8-6334973DBBDB}.Release|Any CPU.Build.0 = Release|Any CPU
		{E1B4685D-CB45-4269-A7B0-2839B1199B81}.Debug|Any CPU.ActiveCfg = Debug|Any CPU
		{E1B4685D-CB45-4269-A7B0-2839B1199B81}.Debug|Any CPU.Build.0 = Debug|Any CPU
		{E1B4685D-CB45-4269-A7B0-2839B1199B81}.Release|Any CPU.ActiveCfg = Release|Any CPU
		{E1B4685D-CB45-4269-A7B0-2839B1199B81}.Release|Any CPU.Build.0 = Release|Any CPU
		{DFA5BDB8-A245-4E74-A031-C71183977EB3}.Debug|Any CPU.ActiveCfg = Debug|Any CPU
		{DFA5BDB8-A245-4E74-A031-C71183977EB3}.Debug|Any CPU.Build.0 = Debug|Any CPU
		{DFA5BDB8-A245-4E74-A031-C71183977EB3}.Release|Any CPU.ActiveCfg = Release|Any CPU
		{DFA5BDB8-A245-4E74-A031-C71183977EB3}.Release|Any CPU.Build.0 = Release|Any CPU
		{6211DFA1-F9DB-4002-92CB-FC9BB4448296}.Debug|Any CPU.ActiveCfg = Debug|Any CPU
		{6211DFA1-F9DB-4002-92CB-FC9BB4448296}.Debug|Any CPU.Build.0 = Debug|Any CPU
		{6211DFA1-F9DB-4002-92CB-FC9BB4448296}.Release|Any CPU.ActiveCfg = Release|Any CPU
		{6211DFA1-F9DB-4002-92CB-FC9BB4448296}.Release|Any CPU.Build.0 = Release|Any CPU
		{FD6A4AA7-7295-41DF-B97E-CD65534A9C17}.Debug|Any CPU.ActiveCfg = Debug|Any CPU
		{FD6A4AA7-7295-41DF-B97E-CD65534A9C17}.Debug|Any CPU.Build.0 = Debug|Any CPU
		{FD6A4AA7-7295-41DF-B97E-CD65534A9C17}.Release|Any CPU.ActiveCfg = Release|Any CPU
		{FD6A4AA7-7295-41DF-B97E-CD65534A9C17}.Release|Any CPU.Build.0 = Release|Any CPU
		{D74679EB-B95A-4B60-AC0A-8EE8AF33FAA5}.Debug|Any CPU.ActiveCfg = Debug|Any CPU
		{D74679EB-B95A-4B60-AC0A-8EE8AF33FAA5}.Debug|Any CPU.Build.0 = Debug|Any CPU
		{D74679EB-B95A-4B60-AC0A-8EE8AF33FAA5}.Release|Any CPU.ActiveCfg = Release|Any CPU
		{D74679EB-B95A-4B60-AC0A-8EE8AF33FAA5}.Release|Any CPU.Build.0 = Release|Any CPU
		{17B666FF-EE85-43CF-914A-9A84EB34C461}.Debug|Any CPU.ActiveCfg = Debug|Any CPU
		{17B666FF-EE85-43CF-914A-9A84EB34C461}.Debug|Any CPU.Build.0 = Debug|Any CPU
		{17B666FF-EE85-43CF-914A-9A84EB34C461}.Release|Any CPU.ActiveCfg = Release|Any CPU
		{17B666FF-EE85-43CF-914A-9A84EB34C461}.Release|Any CPU.Build.0 = Release|Any CPU
		{F3E7D4ED-57E8-4136-911A-B633B5C7C018}.Debug|Any CPU.ActiveCfg = Debug|Any CPU
		{F3E7D4ED-57E8-4136-911A-B633B5C7C018}.Debug|Any CPU.Build.0 = Debug|Any CPU
		{F3E7D4ED-57E8-4136-911A-B633B5C7C018}.Release|Any CPU.ActiveCfg = Release|Any CPU
		{F3E7D4ED-57E8-4136-911A-B633B5C7C018}.Release|Any CPU.Build.0 = Release|Any CPU
		{05607550-AB11-4B8B-BD40-CED5B25F5D6F}.Debug|Any CPU.ActiveCfg = Debug|Any CPU
		{05607550-AB11-4B8B-BD40-CED5B25F5D6F}.Debug|Any CPU.Build.0 = Debug|Any CPU
		{05607550-AB11-4B8B-BD40-CED5B25F5D6F}.Release|Any CPU.ActiveCfg = Release|Any CPU
		{05607550-AB11-4B8B-BD40-CED5B25F5D6F}.Release|Any CPU.Build.0 = Release|Any CPU
		{0978D31C-A180-434A-8722-3F9A7C0C77C9}.Debug|Any CPU.ActiveCfg = Debug|Any CPU
		{0978D31C-A180-434A-8722-3F9A7C0C77C9}.Debug|Any CPU.Build.0 = Debug|Any CPU
		{0978D31C-A180-434A-8722-3F9A7C0C77C9}.Release|Any CPU.ActiveCfg = Release|Any CPU
		{0978D31C-A180-434A-8722-3F9A7C0C77C9}.Release|Any CPU.Build.0 = Release|Any CPU
	EndGlobalSection
	GlobalSection(SolutionProperties) = preSolution
		HideSolutionNode = FALSE
	EndGlobalSection
	GlobalSection(NestedProjects) = preSolution
		{A2AF337E-FC22-4FE3-ACA8-6334973DBBDB} = {3A27E0A3-AC6C-4F7E-8139-B5AAA485910A}
		{17B666FF-EE85-43CF-914A-9A84EB34C461} = {A714C506-7296-4BF7-82B3-D5A8A9D11CC4}
		{F3E7D4ED-57E8-4136-911A-B633B5C7C018} = {A714C506-7296-4BF7-82B3-D5A8A9D11CC4}
		{0978D31C-A180-434A-8722-3F9A7C0C77C9} = {3A27E0A3-AC6C-4F7E-8139-B5AAA485910A}
	EndGlobalSection
	GlobalSection(ExtensibilityGlobals) = postSolution
		SolutionGuid = {F4EE3E98-7B1B-41E6-A269-E5D95649729E}
	EndGlobalSection
EndGlobal
